
Microsoft Visual Studio Solution File, Format Version 12.00
# Visual Studio Version 17
VisualStudioVersion = 17.8.34316.72
MinimumVisualStudioVersion = 10.0.40219.1
Project("{FAE04EC0-301F-11D3-BF4B-00C04F79EFBC}") = "2023.03.GearRatio", "2023.03.GearRatio\2023.03.GearRatio.csproj", "{34CD16D7-FAC4-4A6D-9D9C-F088EE97192B}"
EndProject
Global
	GlobalSection(SolutionConfigurationPlatforms) = preSolution
		Debug|Any CPU = Debug|Any CPU
		Release|Any CPU = Release|Any CPU
	EndGlobalSection
	GlobalSection(ProjectConfigurationPlatforms) = postSolution
		{34CD16D7-FAC4-4A6D-9D9C-F088EE97192B}.Debug|Any CPU.ActiveCfg = Debug|Any CPU
		{34CD16D7-FAC4-4A6D-9D9C-F088EE97192B}.Debug|Any CPU.Build.0 = Debug|Any CPU
		{34CD16D7-FAC4-4A6D-9D9C-F088EE97192B}.Release|Any CPU.ActiveCfg = Release|Any CPU
		{34CD16D7-FAC4-4A6D-9D9C-F088EE97192B}.Release|Any CPU.Build.0 = Release|Any CPU
	EndGlobalSection
	GlobalSection(SolutionProperties) = preSolution
		HideSolutionNode = FALSE
	EndGlobalSection
	GlobalSection(ExtensibilityGlobals) = postSolution
		SolutionGuid = {7473AB4B-E07B-4D6E-BE55-F4C3B912EEC3}
	EndGlobalSection
EndGlobal
