
Microsoft Visual Studio Solution File, Format Version 12.00
# Visual Studio Version 17
VisualStudioVersion = 17.8.34316.72
MinimumVisualStudioVersion = 10.0.40219.1
Project("{FAE04EC0-301F-11D3-BF4B-00C04F79EFBC}") = "2023.04.Scratchcards", "2023.04.Scratchcards\2023.04.Scratchcards.csproj", "{C2E69A92-CE94-4716-978C-02427B04AE6A}"
EndProject
Global
	GlobalSection(SolutionConfigurationPlatforms) = preSolution
		Debug|Any CPU = Debug|Any CPU
		Release|Any CPU = Release|Any CPU
	EndGlobalSection
	GlobalSection(ProjectConfigurationPlatforms) = postSolution
		{C2E69A92-CE94-4716-978C-02427B04AE6A}.Debug|Any CPU.ActiveCfg = Debug|Any CPU
		{C2E69A92-CE94-4716-978C-02427B04AE6A}.Debug|Any CPU.Build.0 = Debug|Any CPU
		{C2E69A92-CE94-4716-978C-02427B04AE6A}.Release|Any CPU.ActiveCfg = Release|Any CPU
		{C2E69A92-CE94-4716-978C-02427B04AE6A}.Release|Any CPU.Build.0 = Release|Any CPU
	EndGlobalSection
	GlobalSection(SolutionProperties) = preSolution
		HideSolutionNode = FALSE
	EndGlobalSection
	GlobalSection(ExtensibilityGlobals) = postSolution
		SolutionGuid = {1215B4C2-9282-444E-AC66-CE38646DE558}
	EndGlobalSection
EndGlobal
